<?xml version="1.0" encoding="utf-8"?>
<Project ToolsVersion="4.0" xmlns="http://schemas.microsoft.com/developer/msbuild/2003">
  <ItemGroup>
    <Filter Include="Source Files">
      <UniqueIdentifier>{301a6063-e074-4f4d-bffa-5ead9ee82b9d}</UniqueIdentifier>
      <Extensions>cpp;c;cxx;rc;def;r;odl;idl;hpj;bat</Extensions>
    </Filter>
    <Filter Include="Source Files\netlib">
      <UniqueIdentifier>{95e7fabb-5d30-470a-afc0-49036b500d60}</UniqueIdentifier>
    </Filter>
    <Filter Include="Source Files\database">
      <UniqueIdentifier>{f95c5a31-ae02-479c-82cc-cbea4035832a}</UniqueIdentifier>
    </Filter>
    <Filter Include="Source Files\ibpp">
      <UniqueIdentifier>{a3c71be7-9247-4601-b451-d36419549c53}</UniqueIdentifier>
    </Filter>
    <Filter Include="Source Files\xml">
      <UniqueIdentifier>{6562b979-ff7f-4c0a-a3f0-0e6fa794b942}</UniqueIdentifier>
    </Filter>
    <Filter Include="Header Files">
      <UniqueIdentifier>{2511d904-c1bf-4686-b837-8444636219ff}</UniqueIdentifier>
      <Extensions>h;hpp;hxx;hm;inl</Extensions>
    </Filter>
    <Filter Include="Resource Files">
      <UniqueIdentifier>{25fa530c-e8f3-4654-8f8d-5798d4b5c134}</UniqueIdentifier>
      <Extensions>ico;cur;bmp;dlg;rc2;rct;bin;rgs;gif;jpg;jpeg;jpe</Extensions>
    </Filter>
  </ItemGroup>
  <ItemGroup>
    <ClCompile Include="netlib\message.cpp">
      <Filter>Source Files\netlib</Filter>
    </ClCompile>
    <ClCompile Include="database\database.cpp">
      <Filter>Source Files\database</Filter>
    </ClCompile>
    <ClCompile Include="database\ibpp\all_in_one.cpp">
      <Filter>Source Files\ibpp</Filter>
    </ClCompile>
    <ClCompile Include="xml\XmlNodeWrapper.cpp">
      <Filter>Source Files\xml</Filter>
    </ClCompile>
    <ClCompile Include="des.cpp">
      <Filter>Source Files</Filter>
    </ClCompile>
    <ClCompile Include="dh.cpp">
      <Filter>Source Files</Filter>
    </ClCompile>
    <ClCompile Include="DlgAddUser.cpp">
      <Filter>Source Files</Filter>
    </ClCompile>
    <ClCompile Include="experiment.cpp">
      <Filter>Source Files</Filter>
    </ClCompile>
    <ClCompile Include="experimentDlg.cpp">
      <Filter>Source Files</Filter>
    </ClCompile>
    <ClCompile Include="msgdispatcher.cpp">
      <Filter>Source Files</Filter>
    </ClCompile>
    <ClCompile Include="StdAfx.cpp">
      <Filter>Source Files</Filter>
    </ClCompile>
    <ClCompile Include="RSAkeygen.cpp">
      <Filter>Source Files</Filter>
    </ClCompile>
  </ItemGroup>
  <ItemGroup>
    <ResourceCompile Include="experiment.rc">
      <Filter>Source Files</Filter>
    </ResourceCompile>
  </ItemGroup>
  <ItemGroup>
    <ClInclude Include="DlgAddUser.h">
      <Filter>Header Files</Filter>
    </ClInclude>
    <ClInclude Include="experiment.h">
      <Filter>Header Files</Filter>
    </ClInclude>
    <ClInclude Include="experimentDlg.h">
      <Filter>Header Files</Filter>
    </ClInclude>
    <ClInclude Include="netlib\message.h">
      <Filter>Header Files</Filter>
    </ClInclude>
    <ClInclude Include="msgdispatcher.h">
      <Filter>Header Files</Filter>
    </ClInclude>
    <ClInclude Include="Resource.h">
      <Filter>Header Files</Filter>
    </ClInclude>
    <ClInclude Include="StdAfx.h">
      <Filter>Header Files</Filter>
    </ClInclude>
    <ClInclude Include="RSAkeygen.h">
      <Filter>Header Files</Filter>
    </ClInclude>
  </ItemGroup>
  <ItemGroup>
    <Image Include="res\experiment.ico">
      <Filter>Resource Files</Filter>
    </Image>
  </ItemGroup>
  <ItemGroup>
    <Text Include="ReadMe.txt" />
  </ItemGroup>
  <ItemGroup>
    <CustomBuild Include="res\experiment.rc2">
      <Filter>Resource Files</Filter>
    </CustomBuild>
  </ItemGroup>
</Project>